
Microsoft Visual Studio Solution File, Format Version 12.00
# Visual Studio Version 16
VisualStudioVersion = 16.0.31313.79
MinimumVisualStudioVersion = 10.0.40219.1
Project("{FAE04EC0-301F-11D3-BF4B-00C04F79EFBC}") = "WinFormsApp_LuckyTicket_50114", "WinFormsApp_LuckyTicket_50114.csproj", "{DE498EB4-95BA-4EAC-B917-287B52291C14}"
EndProject
Global
	GlobalSection(SolutionConfigurationPlatforms) = preSolution
		Debug|Any CPU = Debug|Any CPU
		Release|Any CPU = Release|Any CPU
	EndGlobalSection
	GlobalSection(ProjectConfigurationPlatforms) = postSolution
		{DE498EB4-95BA-4EAC-B917-287B52291C14}.Debug|Any CPU.ActiveCfg = Debug|Any CPU
		{DE498EB4-95BA-4EAC-B917-287B52291C14}.Debug|Any CPU.Build.0 = Debug|Any CPU
		{DE498EB4-95BA-4EAC-B917-287B52291C14}.Release|Any CPU.ActiveCfg = Release|Any CPU
		{DE498EB4-95BA-4EAC-B917-287B52291C14}.Release|Any CPU.Build.0 = Release|Any CPU
	EndGlobalSection
	GlobalSection(SolutionProperties) = preSolution
		HideSolutionNode = FALSE
	EndGlobalSection
	GlobalSection(ExtensibilityGlobals) = postSolution
		SolutionGuid = {CE59400F-9776-4031-8CFD-804A09AB329A}
	EndGlobalSection
EndGlobal
