
Microsoft Visual Studio Solution File, Format Version 12.00
# Visual Studio Version 16
VisualStudioVersion = 16.0.31313.79
MinimumVisualStudioVersion = 10.0.40219.1
Project("{FAE04EC0-301F-11D3-BF4B-00C04F79EFBC}") = "WinForms_Calc_50114", "WinForms_Calc_50114.csproj", "{24B31572-ACA3-4344-8AFF-86A838DA7312}"
EndProject
Global
	GlobalSection(SolutionConfigurationPlatforms) = preSolution
		Debug|Any CPU = Debug|Any CPU
		Release|Any CPU = Release|Any CPU
	EndGlobalSection
	GlobalSection(ProjectConfigurationPlatforms) = postSolution
		{24B31572-ACA3-4344-8AFF-86A838DA7312}.Debug|Any CPU.ActiveCfg = Debug|Any CPU
		{24B31572-ACA3-4344-8AFF-86A838DA7312}.Debug|Any CPU.Build.0 = Debug|Any CPU
		{24B31572-ACA3-4344-8AFF-86A838DA7312}.Release|Any CPU.ActiveCfg = Release|Any CPU
		{24B31572-ACA3-4344-8AFF-86A838DA7312}.Release|Any CPU.Build.0 = Release|Any CPU
	EndGlobalSection
	GlobalSection(SolutionProperties) = preSolution
		HideSolutionNode = FALSE
	EndGlobalSection
	GlobalSection(ExtensibilityGlobals) = postSolution
		SolutionGuid = {D3F7159D-234C-48DC-838D-9E8890A23FFA}
	EndGlobalSection
EndGlobal
