
Microsoft Visual Studio Solution File, Format Version 12.00
# Visual Studio Version 16
VisualStudioVersion = 16.0.31313.79
MinimumVisualStudioVersion = 10.0.40219.1
Project("{FAE04EC0-301F-11D3-BF4B-00C04F79EFBC}") = "ConsoleApp_Test_11_50114", "ConsoleApp_Test_11_50114.csproj", "{BBC91546-FA19-48DD-837C-A566FF42467C}"
EndProject
Global
	GlobalSection(SolutionConfigurationPlatforms) = preSolution
		Debug|Any CPU = Debug|Any CPU
		Release|Any CPU = Release|Any CPU
	EndGlobalSection
	GlobalSection(ProjectConfigurationPlatforms) = postSolution
		{BBC91546-FA19-48DD-837C-A566FF42467C}.Debug|Any CPU.ActiveCfg = Debug|Any CPU
		{BBC91546-FA19-48DD-837C-A566FF42467C}.Debug|Any CPU.Build.0 = Debug|Any CPU
		{BBC91546-FA19-48DD-837C-A566FF42467C}.Release|Any CPU.ActiveCfg = Release|Any CPU
		{BBC91546-FA19-48DD-837C-A566FF42467C}.Release|Any CPU.Build.0 = Release|Any CPU
	EndGlobalSection
	GlobalSection(SolutionProperties) = preSolution
		HideSolutionNode = FALSE
	EndGlobalSection
	GlobalSection(ExtensibilityGlobals) = postSolution
		SolutionGuid = {E5DF38FD-A697-4285-80A6-71C4C2CCB242}
	EndGlobalSection
EndGlobal
